
Microsoft Visual Studio Solution File, Format Version 12.00
Project("{FAE04EC0-301F-11D3-BF4B-00C04F79EFBC}") = "J48Classificator", "J48Classificator\J48Classificator.csproj", "{3B57D4A9-F956-4091-806A-27D1BDC6F393}"
EndProject
Project("{FAE04EC0-301F-11D3-BF4B-00C04F79EFBC}") = "J48", "J48\J48.csproj", "{72F26371-6961-485E-A46A-EFFE4728FEFE}"
EndProject
Global
	GlobalSection(SolutionConfigurationPlatforms) = preSolution
		Debug|Any CPU = Debug|Any CPU
		Release|Any CPU = Release|Any CPU
	EndGlobalSection
	GlobalSection(ProjectConfigurationPlatforms) = postSolution
		{3B57D4A9-F956-4091-806A-27D1BDC6F393}.Debug|Any CPU.ActiveCfg = Debug|Any CPU
		{3B57D4A9-F956-4091-806A-27D1BDC6F393}.Debug|Any CPU.Build.0 = Debug|Any CPU
		{3B57D4A9-F956-4091-806A-27D1BDC6F393}.Release|Any CPU.ActiveCfg = Release|Any CPU
		{3B57D4A9-F956-4091-806A-27D1BDC6F393}.Release|Any CPU.Build.0 = Release|Any CPU
		{72F26371-6961-485E-A46A-EFFE4728FEFE}.Debug|Any CPU.ActiveCfg = Debug|Any CPU
		{72F26371-6961-485E-A46A-EFFE4728FEFE}.Debug|Any CPU.Build.0 = Debug|Any CPU
		{72F26371-6961-485E-A46A-EFFE4728FEFE}.Release|Any CPU.ActiveCfg = Release|Any CPU
		{72F26371-6961-485E-A46A-EFFE4728FEFE}.Release|Any CPU.Build.0 = Release|Any CPU
	EndGlobalSection
EndGlobal
